{
  "requires": true,
  "lockfileVersion": 1,
  "dependencies": {
    "@dcloudio/uni-ui": {
      "version": "1.4.15",
      "resolved": "https://registry.npmmirror.com/@dcloudio/uni-ui/-/uni-ui-1.4.15.tgz",
      "integrity": "sha512-V/qg2N78XAEnKyPM5sXa0QDjw0+JIyZi3LBwmpggztsFM2uOI3JevLeAUzpk59Z+kJVbISXaaB26OfdD+Tf1aw=="
    }
  }
}
